
Microsoft Visual Studio Solution File, Format Version 12.00
# Visual Studio Version 17
VisualStudioVersion = 17.14.36408.4
MinimumVisualStudioVersion = 10.0.40219.1
Project("{FAE04EC0-301F-11D3-BF4B-00C04F79EFBC}") = "AdvancedTopics", "AdvancedTopics\AdvancedTopics.csproj", "{AE0E0E37-FF99-4D9E-8701-9DA3521E779F}"
EndProject
Global
	GlobalSection(SolutionConfigurationPlatforms) = preSolution
		Debug|Any CPU = Debug|Any CPU
		Release|Any CPU = Release|Any CPU
	EndGlobalSection
	GlobalSection(ProjectConfigurationPlatforms) = postSolution
		{AE0E0E37-FF99-4D9E-8701-9DA3521E779F}.Debug|Any CPU.ActiveCfg = Debug|Any CPU
		{AE0E0E37-FF99-4D9E-8701-9DA3521E779F}.Debug|Any CPU.Build.0 = Debug|Any CPU
		{AE0E0E37-FF99-4D9E-8701-9DA3521E779F}.Release|Any CPU.ActiveCfg = Release|Any CPU
		{AE0E0E37-FF99-4D9E-8701-9DA3521E779F}.Release|Any CPU.Build.0 = Release|Any CPU
	EndGlobalSection
	GlobalSection(SolutionProperties) = preSolution
		HideSolutionNode = FALSE
	EndGlobalSection
	GlobalSection(ExtensibilityGlobals) = postSolution
		SolutionGuid = {60586666-17E9-4371-82CD-623975EC2D5F}
	EndGlobalSection
EndGlobal
